
Microsoft Visual Studio Solution File, Format Version 12.00
# Visual Studio 15
VisualStudioVersion = 15.0.27703.2042
MinimumVisualStudioVersion = 10.0.40219.1
Project("{9A19103F-16F7-4668-BE54-9A1E7A4F7556}") = "TestWebApi", "TestWebApi\TestWebApi.csproj", "{ECA54C10-B920-46B4-A55D-98ACCB45B170}"
EndProject
Project("{E53339B2-1760-4266-BCC7-CA923CBCF16C}") = "docker-compose", "docker-compose.dcproj", "{FA23FF50-31AD-41A9-A6D3-46617980C752}"
EndProject
Project("{9A19103F-16F7-4668-BE54-9A1E7A4F7556}") = "TestWebApi2", "TestWebApi2\TestWebApi2.csproj", "{0A7700C2-42EB-477D-9C42-03BE62F926D3}"
EndProject
Project("{9A19103F-16F7-4668-BE54-9A1E7A4F7556}") = "EventBus", "..\EventBus\EventBus.csproj", "{1B01C991-E14E-4F44-82B6-09E598F6514C}"
EndProject
Project("{9A19103F-16F7-4668-BE54-9A1E7A4F7556}") = "Common", "Common\Common.csproj", "{0C706D0D-531C-4654-BD78-5CEE605594C6}"
EndProject
Project("{FAE04EC0-301F-11D3-BF4B-00C04F79EFBC}") = "UnitTests", "UnitTests\UnitTests.csproj", "{1CC1552A-BAE7-4B9E-8A1D-971F9A526EC5}"
EndProject
Global
	GlobalSection(SolutionConfigurationPlatforms) = preSolution
		Debug|Any CPU = Debug|Any CPU
		Release|Any CPU = Release|Any CPU
	EndGlobalSection
	GlobalSection(ProjectConfigurationPlatforms) = postSolution
		{ECA54C10-B920-46B4-A55D-98ACCB45B170}.Debug|Any CPU.ActiveCfg = Debug|Any CPU
		{ECA54C10-B920-46B4-A55D-98ACCB45B170}.Debug|Any CPU.Build.0 = Debug|Any CPU
		{ECA54C10-B920-46B4-A55D-98ACCB45B170}.Release|Any CPU.ActiveCfg = Release|Any CPU
		{ECA54C10-B920-46B4-A55D-98ACCB45B170}.Release|Any CPU.Build.0 = Release|Any CPU
		{FA23FF50-31AD-41A9-A6D3-46617980C752}.Debug|Any CPU.ActiveCfg = Debug|Any CPU
		{FA23FF50-31AD-41A9-A6D3-46617980C752}.Debug|Any CPU.Build.0 = Debug|Any CPU
		{FA23FF50-31AD-41A9-A6D3-46617980C752}.Release|Any CPU.ActiveCfg = Release|Any CPU
		{FA23FF50-31AD-41A9-A6D3-46617980C752}.Release|Any CPU.Build.0 = Release|Any CPU
		{0A7700C2-42EB-477D-9C42-03BE62F926D3}.Debug|Any CPU.ActiveCfg = Debug|Any CPU
		{0A7700C2-42EB-477D-9C42-03BE62F926D3}.Debug|Any CPU.Build.0 = Debug|Any CPU
		{0A7700C2-42EB-477D-9C42-03BE62F926D3}.Release|Any CPU.ActiveCfg = Release|Any CPU
		{0A7700C2-42EB-477D-9C42-03BE62F926D3}.Release|Any CPU.Build.0 = Release|Any CPU
		{1B01C991-E14E-4F44-82B6-09E598F6514C}.Debug|Any CPU.ActiveCfg = Debug|Any CPU
		{1B01C991-E14E-4F44-82B6-09E598F6514C}.Debug|Any CPU.Build.0 = Debug|Any CPU
		{1B01C991-E14E-4F44-82B6-09E598F6514C}.Release|Any CPU.ActiveCfg = Release|Any CPU
		{1B01C991-E14E-4F44-82B6-09E598F6514C}.Release|Any CPU.Build.0 = Release|Any CPU
		{0C706D0D-531C-4654-BD78-5CEE605594C6}.Debug|Any CPU.ActiveCfg = Debug|Any CPU
		{0C706D0D-531C-4654-BD78-5CEE605594C6}.Debug|Any CPU.Build.0 = Debug|Any CPU
		{0C706D0D-531C-4654-BD78-5CEE605594C6}.Release|Any CPU.ActiveCfg = Release|Any CPU
		{0C706D0D-531C-4654-BD78-5CEE605594C6}.Release|Any CPU.Build.0 = Release|Any CPU
		{1CC1552A-BAE7-4B9E-8A1D-971F9A526EC5}.Debug|Any CPU.ActiveCfg = Debug|Any CPU
		{1CC1552A-BAE7-4B9E-8A1D-971F9A526EC5}.Debug|Any CPU.Build.0 = Debug|Any CPU
		{1CC1552A-BAE7-4B9E-8A1D-971F9A526EC5}.Release|Any CPU.ActiveCfg = Release|Any CPU
		{1CC1552A-BAE7-4B9E-8A1D-971F9A526EC5}.Release|Any CPU.Build.0 = Release|Any CPU
	EndGlobalSection
	GlobalSection(SolutionProperties) = preSolution
		HideSolutionNode = FALSE
	EndGlobalSection
	GlobalSection(ExtensibilityGlobals) = postSolution
		SolutionGuid = {5C8868B5-B5F8-442B-80B6-2431C90B0A17}
	EndGlobalSection
EndGlobal
